PODS:
  - Flutter (1.0.0)
  - store_checker (0.0.1):
    - Flutter

DEPENDENCIES:
  - Flutter (from `Flutter`)
  - store_checker (from `.symlinks/plugins/store_checker/ios`)

EXTERNAL SOURCES:
  Flutter:
    :path: Flutter
  store_checker:
    :path: ".symlinks/plugins/store_checker/ios"

SPEC CHECKSUMS:
  Flutter: e0871f40cf51350855a761d2e70bf5af5b9b5de7
  store_checker: a7be624ac44a4ba88e7917e71afe8433f197161e

PODFILE CHECKSUM: c4c93c5f6502fe2754f48404d3594bf779584011

COCOAPODS: 1.15.2
