PODS:
  - FlutterMacOS (1.0.0)
  - store_checker (0.0.1):
    - FlutterMacOS

DEPENDENCIES:
  - FlutterMacOS (from `Flutter/ephemeral`)
  - store_checker (from `Flutter/ephemeral/.symlinks/plugins/store_checker/macos`)

EXTERNAL SOURCES:
  FlutterMacOS:
    :path: Flutter/ephemeral
  store_checker:
    :path: Flutter/ephemeral/.symlinks/plugins/store_checker/macos

SPEC CHECKSUMS:
  FlutterMacOS: 8f6f14fa908a6fb3fba0cd85dbd81ec4b251fb24
  store_checker: 387169de0dffe57b6370d54cc027e9f95051b57f

PODFILE CHECKSUM: 236401fc2c932af29a9fcf0e97baeeb2d750d367

COCOAPODS: 1.15.2
